
Microsoft Visual Studio Solution File, Format Version 12.00
# Visual Studio Version 17
VisualStudioVersion = 17.5.33516.290
MinimumVisualStudioVersion = 10.0.40219.1
Project("{9A19103F-16F7-4668-BE54-9A1E7A4F7556}") = "Invoices", "Invoices.csproj", "{FAE1A31E-CDEC-4769-A6EF-07684B69B61C}"
EndProject
Global
	GlobalSection(SolutionConfigurationPlatforms) = preSolution
		Debug|Any CPU = Debug|Any CPU
		Release|Any CPU = Release|Any CPU
	EndGlobalSection
	GlobalSection(ProjectConfigurationPlatforms) = postSolution
		{FAE1A31E-CDEC-4769-A6EF-07684B69B61C}.Debug|Any CPU.ActiveCfg = Debug|Any CPU
		{FAE1A31E-CDEC-4769-A6EF-07684B69B61C}.Debug|Any CPU.Build.0 = Debug|Any CPU
		{FAE1A31E-CDEC-4769-A6EF-07684B69B61C}.Release|Any CPU.ActiveCfg = Release|Any CPU
		{FAE1A31E-CDEC-4769-A6EF-07684B69B61C}.Release|Any CPU.Build.0 = Release|Any CPU
	EndGlobalSection
	GlobalSection(SolutionProperties) = preSolution
		HideSolutionNode = FALSE
	EndGlobalSection
	GlobalSection(ExtensibilityGlobals) = postSolution
		SolutionGuid = {34DE3BAB-6FE6-4C22-A02C-D31BAA56AA41}
	EndGlobalSection
EndGlobal
